// !$*UTF8*$!
{
	archiveVersion = 1;
	classes = {
	};
	objectVersion = 50;
	objects = {

/* Begin PBXBuildFile section */
		96C2AECC2367F48C00C8603C /* AppDelegate.swift in Sources */ = {isa = PBXBuildFile; fileRef = 96C2AECB2367F48C00C8603C /* AppDelegate.swift */; };
		96C2AECE2367F48C00C8603C /* SceneDelegate.swift in Sources */ = {isa = PBXBuildFile; fileRef = 96C2AECD2367F48C00C8603C /* SceneDelegate.swift */; };
		96C2AED02367F48C00C8603C /* ViewController.swift in Sources */ = {isa = PBXBuildFile; fileRef = 96C2AECF2367F48C00C8603C /* ViewController.swift */; };
		96C2AED32367F48C00C8603C /* Main.storyboard in Resources */ = {isa = PBXBuildFile; fileRef = 96C2AED12367F48C00C8603C /* Main.storyboard */; };
		96C2AED52367F48C00C8603C /* Assets.xcassets in Resources */ = {isa = PBXBuildFile; fileRef = 96C2AED42367F48C00C8603C /* Assets.xcassets */; };
		96C2AED82367F48C00C8603C /* LaunchScreen.storyboard in Resources */ = {isa = PBXBuildFile; fileRef = 96C2AED62367F48C00C8603C /* LaunchScreen.storyboard */; };
		96C2AEE02367FC6700C8603C /* .gitignore in Resources */ = {isa = PBXBuildFile; fileRef = 96C2AEDF2367FC6700C8603C /* .gitignore */; };
/* End PBXBuildFile section */

/* Begin PBXFileReference section */
		96C2AEC82367F48C00C8603C /* haejwo-ios.app */ = {isa = PBXFileReference; explicitFileType = wrapper.application; includeInIndex = 0; path = "haejwo-ios.app"; sourceTree = BUILT_PRODUCTS_DIR; };
		96C2AECB2367F48C00C8603C /* AppDelegate.swift */ = {isa = PBXFileReference; lastKnownFileType = sourcecode.swift; path = AppDelegate.swift; sourceTree = "<group>"; };
		96C2AECD2367F48C00C8603C /* SceneDelegate.swift */ = {isa = PBXFileReference; lastKnownFileType = sourcecode.swift; path = SceneDelegate.swift; sourceTree = "<group>"; };
		96C2AECF2367F48C00C8603C /* ViewController.swift */ = {isa = PBXFileReference; lastKnownFileType = sourcecode.swift; path = ViewController.swift; sourceTree = "<group>"; };
		96C2AED22367F48C00C8603C /* Base */ = {isa = PBXFileReference; lastKnownFileType = file.storyboard; name = Base; path = Base.lproj/Main.storyboard; sourceTree = "<group>"; };
		96C2AED42367F48C00C8603C /* Assets.xcassets */ = {isa = PBXFileReference; lastKnownFileType = folder.assetcatalog; path = Assets.xcassets; sourceTree = "<group>"; };
		96C2AED72367F48C00C8603C /* Base */ = {isa = PBXFileReference; lastKnownFileType = file.storyboard; name = Base; path = Base.lproj/LaunchScreen.storyboard; sourceTree = "<group>"; };
		96C2AED92367F48C00C8603C /* Info.plist */ = {isa = PBXFileReference; lastKnownFileType = text.plist.xml; path = Info.plist; sourceTree = "<group>"; };
		96C2AEDF2367FC6700C8603C /* .gitignore */ = {isa = PBXFileReference; lastKnownFileType = text; path = .gitignore; sourceTree = "<group>"; };
/* End PBXFileReference section */

/* Begin PBXFrameworksBuildPhase section */
		96C2AEC52367F48C00C8603C /* Frameworks */ = {
			isa = PBXFrameworksBuildPhase;
			buildActionMask = 2147483647;
			files = (
			);
			runOnlyForDeploymentPostprocessing = 0;
		};
/* End PBXFrameworksBuildPhase section */

/* Begin PBXGroup section */
		96C2AEBF2367F48C00C8603C = {
			isa = PBXGroup;
			children = (
				96C2AEDF2367FC6700C8603C /* .gitignore */,
				96C2AECA2367F48C00C8603C /* haejwo-ios */,
				96C2AEC92367F48C00C8603C /* Products */,
			);
			sourceTree = "<group>";
		};
		96C2AEC92367F48C00C8603C /* Products */ = {
			isa = PBXGroup;
			children = (
				96C2AEC82367F48C00C8603C /* haejwo-ios.app */,
			);
			name = Products;
			sourceTree = "<group>";
		};
		96C2AECA2367F48C00C8603C /* haejwo-ios */ = {
			isa = PBXGroup;
			children = (
				96C2AECB2367F48C00C8603C /* AppDelegate.swift */,
				96C2AECD2367F48C00C8603C /* SceneDelegate.swift */,
				96C2AECF2367F48C00C8603C /* ViewController.swift */,
				96C2AED12367F48C00C8603C /* Main.storyboard */,
				96C2AED42367F48C00C8603C /* Assets.xcassets */,
				96C2AED62367F48C00C8603C /* LaunchScreen.storyboard */,
				96C2AED92367F48C00C8603C /* Info.plist */,
			);
			path = "haejwo-ios";
			sourceTree = "<group>";
		};
/* End PBXGroup section */

/* Begin PBXNativeTarget section */
		96C2AEC72367F48C00C8603C /* haejwo-ios */ = {
			isa = PBXNativeTarget;
			buildConfigurationList = 96C2AEDC2367F48C00C8603C /* Build configuration list for PBXNativeTarget "haejwo-ios" */;
			buildPhases = (
				96C2AEC42367F48C00C8603C /* Sources */,
				96C2AEC52367F48C00C8603C /* Frameworks */,
				96C2AEC62367F48C00C8603C /* Resources */,
			);
			buildRules = (
			);
			dependencies = (
			);
			name = "haejwo-ios";
			productName = "haejwo-ios";
			productReference = 96C2AEC82367F48C00C8603C /* haejwo-ios.app */;
			productType = "com.apple.product-type.application";
		};
/* End PBXNativeTarget section */

/* Begin PBXProject section */
		96C2AEC02367F48C00C8603C /* Project object */ = {
			isa = PBXProject;
			attributes = {
				LastSwiftUpdateCheck = 1110;
				LastUpgradeCheck = 1110;
				ORGANIZATIONNAME = "장성원";
				TargetAttributes = {
					96C2AEC72367F48C00C8603C = {
						CreatedOnToolsVersion = 11.1;
					};
				};
			};
			buildConfigurationList = 96C2AEC32367F48C00C8603C /* Build configuration list for PBXProject "haejwo-ios" */;
			compatibilityVersion = "Xcode 9.3";
			developmentRegion = en;
			hasScannedForEncodings = 0;
			knownRegions = (
				en,
				Base,
			);
			mainGroup = 96C2AEBF2367F48C00C8603C;
			productRefGroup = 96C2AEC92367F48C00C8603C /* Products */;
			projectDirPath = "";
			projectRoot = "";
			targets = (
				96C2AEC72367F48C00C8603C /* haejwo-ios */,
			);
		};
/* End PBXProject section */

/* Begin PBXResourcesBuildPhase section */
		96C2AEC62367F48C00C8603C /* Resources */ = {
			isa = PBXResourcesBuildPhase;
			buildActionMask = 2147483647;
			files = (
				96C2AEE02367FC6700C8603C /* .gitignore in Resources */,
				96C2AED82367F48C00C8603C /* LaunchScreen.storyboard in Resources */,
				96C2AED52367F48C00C8603C /* Assets.xcassets in Resources */,
				96C2AED32367F48C00C8603C /* Main.storyboard in Resources */,
			);
			runOnlyForDeploymentPostprocessing = 0;
		};
/* End PBXResourcesBuildPhase section */

/* Begin PBXSourcesBuildPhase section */
		96C2AEC42367F48C00C8603C /* Sources */ = {
			isa = PBXSourcesBuildPhase;
			buildActionMask = 2147483647;
			files = (
				96C2AED02367F48C00C8603C /* ViewController.swift in Sources */,
				96C2AECC2367F48C00C8603C /* AppDelegate.swift in Sources */,
				96C2AECE2367F48C00C8603C /* SceneDelegate.swift in Sources */,
			);
			runOnlyForDeploymentPostprocessing = 0;
		};
/* End PBXSourcesBuildPhase section */

/* Begin PBXVariantGroup section */
		96C2AED12367F48C00C8603C /* Main.storyboard */ = {
			isa = PBXVariantGroup;
			children = (
				96C2AED22367F48C00C8603C /* Base */,
			);
			name = Main.storyboard;
			sourceTree = "<group>";
		};
		96C2AED62367F48C00C8603C /* LaunchScreen.storyboard */ = {
			isa = PBXVariantGroup;
			children = (
				96C2AED72367F48C00C8603C /* Base */,
			);
			name = LaunchScreen.storyboard;
			sourceTree = "<group>";
		};
/* End PBXVariantGroup section */

/* Begin XCBuildConfiguration section */
		96C2AEDA2367F48C00C8603C /* Debug */ = {
			isa = XCBuildConfiguration;
			buildSettings = {
				ALWAYS_SEARCH_USER_PATHS = NO;
				CLANG_ANALYZER_NONNULL = YES;
				CLANG_ANALYZER_NUMBER_OBJECT_CONVERSION = YES_AGGRESSIVE;
				CLANG_CXX_LANGUAGE_STANDARD = "gnu++14";
				CLANG_CXX_LIBRARY = "libc++";
				CLANG_ENABLE_MODULES = YES;
				CLANG_ENABLE_OBJC_ARC = YES;
				CLANG_ENABLE_OBJC_WEAK = YES;
				CLANG_WARN_BLOCK_CAPTURE_AUTORELEASING = YES;
				CLANG_WARN_BOOL_CONVERSION = YES;
				CLANG_WARN_COMMA = YES;
				CLANG_WARN_CONSTANT_CONVERSION = YES;
				CLANG_WARN_DEPRECATED_OBJC_IMPLEMENTATIONS = YES;
				CLANG_WARN_DIRECT_OBJC_ISA_USAGE = YES_ERROR;
				CLANG_WARN_DOCUMENTATION_COMMENTS = YES;
				CLANG_WARN_EMPTY_BODY = YES;
				CLANG_WARN_ENUM_CONVERSION = YES;
				CLANG_WARN_INFINITE_RECURSION = YES;
				CLANG_WARN_INT_CONVERSION = YES;
				CLANG_WARN_NON_LITERAL_NULL_CONVERSION = YES;
				CLANG_WARN_OBJC_IMPLICIT_RETAIN_SELF = YES;
				CLANG_WARN_OBJC_LITERAL_CONVERSION = YES;
				CLANG_WARN_OBJC_ROOT_CLASS = YES_ERROR;
				CLANG_WARN_RANGE_LOOP_ANALYSIS = YES;
				CLANG_WARN_STRICT_PROTOTYPES = YES;
				CLANG_WARN_SUSPICIOUS_MOVE = YES;
				CLANG_WARN_UNGUARDED_AVAILABILITY = YES_AGGRESSIVE;
				CLANG_WARN_UNREACHABLE_CODE = YES;
				CLANG_WARN__DUPLICATE_METHOD_MATCH = YES;
				COPY_PHASE_STRIP = NO;
				DEBUG_INFORMATION_FORMAT = dwarf;
				ENABLE_STRICT_OBJC_MSGSEND = YES;
				ENABLE_TESTABILITY = YES;
				GCC_C_LANGUAGE_STANDARD = gnu11;
				GCC_DYNAMIC_NO_PIC = NO;
				GCC_NO_COMMON_BLOCKS = YES;
				GCC_OPTIMIZATION_LEVEL = 0;
				GCC_PREPROCESSOR_DEFINITIONS = (
					"DEBUG=1",
					"$(inherited)",
				);
				GCC_WARN_64_TO_32_BIT_CONVERSION = YES;
				GCC_WARN_ABOUT_RETURN_TYPE = YES_ERROR;
				GCC_WARN_UNDECLARED_SELECTOR = YES;
				GCC_WARN_UNINITIALIZED_AUTOS = YES_AGGRESSIVE;
				GCC_WARN_UNUSED_FUNCTION = YES;
				GCC_WARN_UNUSED_VARIABLE = YES;
				IPHONEOS_DEPLOYMENT_TARGET = 13.1;
				MTL_ENABLE_DEBUG_INFO = INCLUDE_SOURCE;
				MTL_FAST_MATH = YES;
				ONLY_ACTIVE_ARCH = YES;
				SDKROOT = iphoneos;
				SWIFT_ACTIVE_COMPILATION_CONDITIONS = DEBUG;
				SWIFT_OPTIMIZATION_LEVEL = "-Onone";
			};
			name = Debug;
		};
		96C2AEDB2367F48C00C8603C /* Release */ = {
			isa = XCBuildConfiguration;
			buildSettings = {
				ALWAYS_SEARCH_USER_PATHS = NO;
				CLANG_ANALYZER_NONNULL = YES;
				CLANG_ANALYZER_NUMBER_OBJECT_CONVERSION = YES_AGGRESSIVE;
				CLANG_CXX_LANGUAGE_STANDARD = "gnu++14";
				CLANG_CXX_LIBRARY = "libc++";
				CLANG_ENABLE_MODULES = YES;
				CLANG_ENABLE_OBJC_ARC = YES;
				CLANG_ENABLE_OBJC_WEAK = YES;
				CLANG_WARN_BLOCK_CAPTURE_AUTORELEASING = YES;
				CLANG_WARN_BOOL_CONVERSION = YES;
				CLANG_WARN_COMMA = YES;
				CLANG_WARN_CONSTANT_CONVERSION = YES;
				CLANG_WARN_DEPRECATED_OBJC_IMPLEMENTATIONS = YES;
				CLANG_WARN_DIRECT_OBJC_ISA_USAGE = YES_ERROR;
				CLANG_WARN_DOCUMENTATION_COMMENTS = YES;
				CLANG_WARN_EMPTY_BODY = YES;
				CLANG_WARN_ENUM_CONVERSION = YES;
				CLANG_WARN_INFINITE_RECURSION = YES;
				CLANG_WARN_INT_CONVERSION = YES;
				CLANG_WARN_NON_LITERAL_NULL_CONVERSION = YES;
				CLANG_WARN_OBJC_IMPLICIT_RETAIN_SELF = YES;
				CLANG_WARN_OBJC_LITERAL_CONVERSION = YES;
				CLANG_WARN_OBJC_ROOT_CLASS = YES_ERROR;
				CLANG_WARN_RANGE_LOOP_ANALYSIS = YES;
				CLANG_WARN_STRICT_PROTOTYPES = YES;
				CLANG_WARN_SUSPICIOUS_MOVE = YES;
				CLANG_WARN_UNGUARDED_AVAILABILITY = YES_AGGRESSIVE;
				CLANG_WARN_UNREACHABLE_CODE = YES;
				CLANG_WARN__DUPLICATE_METHOD_MATCH = YES;
				COPY_PHASE_STRIP = NO;
				DEBUG_INFORMATION_FORMAT = "dwarf-with-dsym";
				ENABLE_NS_ASSERTIONS = NO;
				ENABLE_STRICT_OBJC_MSGSEND = YES;
				GCC_C_LANGUAGE_STANDARD = gnu11;
				GCC_NO_COMMON_BLOCKS = YES;
				GCC_WARN_64_TO_32_BIT_CONVERSION = YES;
				GCC_WARN_ABOUT_RETURN_TYPE = YES_ERROR;
				GCC_WARN_UNDECLARED_SELECTOR = YES;
				GCC_WARN_UNINITIALIZED_AUTOS = YES_AGGRESSIVE;
				GCC_WARN_UNUSED_FUNCTION = YES;
				GCC_WARN_UNUSED_VARIABLE = YES;
				IPHONEOS_DEPLOYMENT_TARGET = 13.1;
				MTL_ENABLE_DEBUG_INFO = NO;
				MTL_FAST_MATH = YES;
				SDKROOT = iphoneos;
				SWIFT_COMPILATION_MODE = wholemodule;
				SWIFT_OPTIMIZATION_LEVEL = "-O";
				VALIDATE_PRODUCT = YES;
			};
			name = Release;
		};
		96C2AEDD2367F48C00C8603C /* Debug */ = {
			isa = XCBuildConfiguration;
			buildSettings = {
				ASSETCATALOG_COMPILER_APPICON_NAME = AppIcon;
				CODE_SIGN_STYLE = Automatic;
				DEVELOPMENT_TEAM = YRU26CSDFQ;
				INFOPLIST_FILE = "haejwo-ios/Info.plist";
				LD_RUNPATH_SEARCH_PATHS = (
					"$(inherited)",
					"@executable_path/Frameworks",
				);
				PRODUCT_BUNDLE_IDENTIFIER = "kr.rails.haejwo-ios";
				PRODUCT_NAME = "$(TARGET_NAME)";
				SWIFT_VERSION = 5.0;
				TARGETED_DEVICE_FAMILY = "1,2";
			};
			name = Debug;
		};
		96C2AEDE2367F48C00C8603C /* Release */ = {
			isa = XCBuildConfiguration;
			buildSettings = {
				ASSETCATALOG_COMPILER_APPICON_NAME = AppIcon;
				CODE_SIGN_STYLE = Automatic;
				DEVELOPMENT_TEAM = YRU26CSDFQ;
				INFOPLIST_FILE = "haejwo-ios/Info.plist";
				LD_RUNPATH_SEARCH_PATHS = (
					"$(inherited)",
					"@executable_path/Frameworks",
				);
				PRODUCT_BUNDLE_IDENTIFIER = "kr.rails.haejwo-ios";
				PRODUCT_NAME = "$(TARGET_NAME)";
				SWIFT_VERSION = 5.0;
				TARGETED_DEVICE_FAMILY = "1,2";
			};
			name = Release;
		};
/* End XCBuildConfiguration section */

/* Begin XCConfigurationList section */
		96C2AEC32367F48C00C8603C /* Build configuration list for PBXProject "haejwo-ios" */ = {
			isa = XCConfigurationList;
			buildConfigurations = (
				96C2AEDA2367F48C00C8603C /* Debug */,
				96C2AEDB2367F48C00C8603C /* Release */,
			);
			defaultConfigurationIsVisible = 0;
			defaultConfigurationName = Release;
		};
		96C2AEDC2367F48C00C8603C /* Build configuration list for PBXNativeTarget "haejwo-ios" */ = {
			isa = XCConfigurationList;
			buildConfigurations = (
				96C2AEDD2367F48C00C8603C /* Debug */,
				96C2AEDE2367F48C00C8603C /* Release */,
			);
			defaultConfigurationIsVisible = 0;
			defaultConfigurationName = Release;
		};
/* End XCConfigurationList section */
	};
	rootObject = 96C2AEC02367F48C00C8603C /* Project object */;
}
